
Microsoft Visual Studio Solution File, Format Version 12.00
# Visual Studio Version 17
VisualStudioVersion = 17.8.34309.116
MinimumVisualStudioVersion = 10.0.40219.1
Project("{FAE04EC0-301F-11D3-BF4B-00C04F79EFBC}") = "BalckBelt", "BalckBelt.csproj", "{76295C75-B8EE-4D64-88CD-981E5316B554}"
EndProject
Global
	GlobalSection(SolutionConfigurationPlatforms) = preSolution
		Debug|Any CPU = Debug|Any CPU
		Release|Any CPU = Release|Any CPU
	EndGlobalSection
	GlobalSection(ProjectConfigurationPlatforms) = postSolution
		{76295C75-B8EE-4D64-88CD-981E5316B554}.Debug|Any CPU.ActiveCfg = Debug|Any CPU
		{76295C75-B8EE-4D64-88CD-981E5316B554}.Debug|Any CPU.Build.0 = Debug|Any CPU
		{76295C75-B8EE-4D64-88CD-981E5316B554}.Release|Any CPU.ActiveCfg = Release|Any CPU
		{76295C75-B8EE-4D64-88CD-981E5316B554}.Release|Any CPU.Build.0 = Release|Any CPU
	EndGlobalSection
	GlobalSection(SolutionProperties) = preSolution
		HideSolutionNode = FALSE
	EndGlobalSection
	GlobalSection(ExtensibilityGlobals) = postSolution
		SolutionGuid = {830BF557-4A7F-4CFD-AF5C-567D28A12092}
	EndGlobalSection
EndGlobal
